
Microsoft Visual Studio Solution File, Format Version 12.00
# Visual Studio Version 17
VisualStudioVersion = 17.9.34701.34
MinimumVisualStudioVersion = 10.0.40219.1
Project("{FAE04EC0-301F-11D3-BF4B-00C04F79EFBC}") = "Websocket Server", "Websocket Server.csproj", "{F89352FC-1DAF-4012-A24C-966E80D76360}"
EndProject
Global
	GlobalSection(SolutionConfigurationPlatforms) = preSolution
		Debug|Any CPU = Debug|Any CPU
		Release|Any CPU = Release|Any CPU
	EndGlobalSection
	GlobalSection(ProjectConfigurationPlatforms) = postSolution
		{F89352FC-1DAF-4012-A24C-966E80D76360}.Debug|Any CPU.ActiveCfg = Debug|Any CPU
		{F89352FC-1DAF-4012-A24C-966E80D76360}.Debug|Any CPU.Build.0 = Debug|Any CPU
		{F89352FC-1DAF-4012-A24C-966E80D76360}.Release|Any CPU.ActiveCfg = Release|Any CPU
		{F89352FC-1DAF-4012-A24C-966E80D76360}.Release|Any CPU.Build.0 = Release|Any CPU
	EndGlobalSection
	GlobalSection(SolutionProperties) = preSolution
		HideSolutionNode = FALSE
	EndGlobalSection
	GlobalSection(ExtensibilityGlobals) = postSolution
		SolutionGuid = {7B88D786-FE8B-4AF1-BD8E-764130AA89A8}
	EndGlobalSection
EndGlobal
